
Microsoft Visual Studio Solution File, Format Version 12.00
# Visual Studio 15
VisualStudioVersion = 15.0.26730.16
MinimumVisualStudioVersion = 10.0.40219.1
Project("{9092AA53-FB77-4645-B42D-1CCCA6BD08BD}") = "TSConwayGoL", "TSConwayGoL\TSConwayGoL.njsproj", "{0A7C88FA-2DF3-45DC-A13C-C8479A346BCE}"
EndProject
Global
	GlobalSection(SolutionConfigurationPlatforms) = preSolution
		Debug|Any CPU = Debug|Any CPU
		Release|Any CPU = Release|Any CPU
	EndGlobalSection
	GlobalSection(ProjectConfigurationPlatforms) = postSolution
		{0A7C88FA-2DF3-45DC-A13C-C8479A346BCE}.Debug|Any CPU.ActiveCfg = Debug|Any CPU
		{0A7C88FA-2DF3-45DC-A13C-C8479A346BCE}.Debug|Any CPU.Build.0 = Debug|Any CPU
		{0A7C88FA-2DF3-45DC-A13C-C8479A346BCE}.Release|Any CPU.ActiveCfg = Release|Any CPU
		{0A7C88FA-2DF3-45DC-A13C-C8479A346BCE}.Release|Any CPU.Build.0 = Release|Any CPU
	EndGlobalSection
	GlobalSection(SolutionProperties) = preSolution
		HideSolutionNode = FALSE
	EndGlobalSection
	GlobalSection(ExtensibilityGlobals) = postSolution
		SolutionGuid = {26E6170C-6E21-47AB-8149-B69DF8D26490}
	EndGlobalSection
EndGlobal
